
Microsoft Visual Studio Solution File, Format Version 12.00
# Visual Studio 15
VisualStudioVersion = 15.0.28010.2019
MinimumVisualStudioVersion = 10.0.40219.1
Project("{9A19103F-16F7-4668-BE54-9A1E7A4F7556}") = "Scooch", "Scooch\Scooch.csproj", "{508A767E-954C-4B32-ABD3-0301BD81E507}"
EndProject
Project("{9A19103F-16F7-4668-BE54-9A1E7A4F7556}") = "Scooch.Tests", "Scooch.Tests\Scooch.Tests.csproj", "{D346F2D3-F767-4432-94C5-86F7EBA0B042}"
EndProject
Global
	GlobalSection(SolutionConfigurationPlatforms) = preSolution
		Debug|Any CPU = Debug|Any CPU
		Release|Any CPU = Release|Any CPU
	EndGlobalSection
	GlobalSection(ProjectConfigurationPlatforms) = postSolution
		{508A767E-954C-4B32-ABD3-0301BD81E507}.Debug|Any CPU.ActiveCfg = Debug|Any CPU
		{508A767E-954C-4B32-ABD3-0301BD81E507}.Debug|Any CPU.Build.0 = Debug|Any CPU
		{508A767E-954C-4B32-ABD3-0301BD81E507}.Release|Any CPU.ActiveCfg = Release|Any CPU
		{508A767E-954C-4B32-ABD3-0301BD81E507}.Release|Any CPU.Build.0 = Release|Any CPU
		{D346F2D3-F767-4432-94C5-86F7EBA0B042}.Debug|Any CPU.ActiveCfg = Debug|Any CPU
		{D346F2D3-F767-4432-94C5-86F7EBA0B042}.Debug|Any CPU.Build.0 = Debug|Any CPU
		{D346F2D3-F767-4432-94C5-86F7EBA0B042}.Release|Any CPU.ActiveCfg = Release|Any CPU
		{D346F2D3-F767-4432-94C5-86F7EBA0B042}.Release|Any CPU.Build.0 = Release|Any CPU
	EndGlobalSection
	GlobalSection(SolutionProperties) = preSolution
		HideSolutionNode = FALSE
	EndGlobalSection
	GlobalSection(ExtensibilityGlobals) = postSolution
		SolutionGuid = {A86AEA2F-B108-4018-BE7F-83CE98E4653F}
	EndGlobalSection
EndGlobal
